
Microsoft Visual Studio Solution File, Format Version 12.00
# Visual Studio Version 17
VisualStudioVersion = 17.9.34728.123
MinimumVisualStudioVersion = 10.0.40219.1
Project("{FAE04EC0-301F-11D3-BF4B-00C04F79EFBC}") = "DiscordStorageProject", "DiscordStorageProject\DiscordStorageProject.csproj", "{666F0106-9B56-4E76-8B1C-C01C05679757}"
EndProject
Global
	GlobalSection(SolutionConfigurationPlatforms) = preSolution
		Debug|Any CPU = Debug|Any CPU
		Release|Any CPU = Release|Any CPU
	EndGlobalSection
	GlobalSection(ProjectConfigurationPlatforms) = postSolution
		{666F0106-9B56-4E76-8B1C-C01C05679757}.Debug|Any CPU.ActiveCfg = Debug|Any CPU
		{666F0106-9B56-4E76-8B1C-C01C05679757}.Debug|Any CPU.Build.0 = Debug|Any CPU
		{666F0106-9B56-4E76-8B1C-C01C05679757}.Release|Any CPU.ActiveCfg = Release|Any CPU
		{666F0106-9B56-4E76-8B1C-C01C05679757}.Release|Any CPU.Build.0 = Release|Any CPU
	EndGlobalSection
	GlobalSection(SolutionProperties) = preSolution
		HideSolutionNode = FALSE
	EndGlobalSection
	GlobalSection(ExtensibilityGlobals) = postSolution
		SolutionGuid = {11C78E5E-AF65-4F47-AF0C-17704C271D3D}
	EndGlobalSection
EndGlobal
